
Microsoft Visual Studio Solution File, Format Version 12.00
# Visual Studio 15
VisualStudioVersion = 15.0.28307.136
MinimumVisualStudioVersion = 10.0.40219.1
Project("{FAE04EC0-301F-11D3-BF4B-00C04F79EFBC}") = "ClubCompetition", "WebServiceProject\ClubCompetition.csproj", "{5DD0222B-F577-4D58-B07C-41517B17B19C}"
EndProject
Global
	GlobalSection(SolutionConfigurationPlatforms) = preSolution
		Debug|Any CPU = Debug|Any CPU
		Release|Any CPU = Release|Any CPU
	EndGlobalSection
	GlobalSection(ProjectConfigurationPlatforms) = postSolution
		{5DD0222B-F577-4D58-B07C-41517B17B19C}.Debug|Any CPU.ActiveCfg = Debug|Any CPU
		{5DD0222B-F577-4D58-B07C-41517B17B19C}.Debug|Any CPU.Build.0 = Debug|Any CPU
		{5DD0222B-F577-4D58-B07C-41517B17B19C}.Release|Any CPU.ActiveCfg = Release|Any CPU
		{5DD0222B-F577-4D58-B07C-41517B17B19C}.Release|Any CPU.Build.0 = Release|Any CPU
	EndGlobalSection
	GlobalSection(SolutionProperties) = preSolution
		HideSolutionNode = FALSE
	EndGlobalSection
	GlobalSection(ExtensibilityGlobals) = postSolution
		SolutionGuid = {C5DD5ADE-9C97-4B07-9E39-9CCE488E7628}
	EndGlobalSection
EndGlobal
